
Microsoft Visual Studio Solution File, Format Version 12.00
# Visual Studio 15
VisualStudioVersion = 15.0.27130.2020
MinimumVisualStudioVersion = 10.0.40219.1
Project("{FAE04EC0-301F-11D3-BF4B-00C04F79EFBC}") = "Day14", "Day14\Day14.csproj", "{13631754-CAD1-4C85-B183-458D491D323B}"
EndProject
Global
	GlobalSection(SolutionConfigurationPlatforms) = preSolution
		Debug|Any CPU = Debug|Any CPU
		Release|Any CPU = Release|Any CPU
	EndGlobalSection
	GlobalSection(ProjectConfigurationPlatforms) = postSolution
		{13631754-CAD1-4C85-B183-458D491D323B}.Debug|Any CPU.ActiveCfg = Debug|Any CPU
		{13631754-CAD1-4C85-B183-458D491D323B}.Debug|Any CPU.Build.0 = Debug|Any CPU
		{13631754-CAD1-4C85-B183-458D491D323B}.Release|Any CPU.ActiveCfg = Release|Any CPU
		{13631754-CAD1-4C85-B183-458D491D323B}.Release|Any CPU.Build.0 = Release|Any CPU
	EndGlobalSection
	GlobalSection(SolutionProperties) = preSolution
		HideSolutionNode = FALSE
	EndGlobalSection
	GlobalSection(ExtensibilityGlobals) = postSolution
		SolutionGuid = {30FD3568-CA7F-419C-9596-B516CEAE2499}
	EndGlobalSection
EndGlobal
