
Microsoft Visual Studio Solution File, Format Version 12.00
# Visual Studio 15
VisualStudioVersion = 15.0.27130.2020
MinimumVisualStudioVersion = 10.0.40219.1
Project("{FAE04EC0-301F-11D3-BF4B-00C04F79EFBC}") = "Day22", "Day22\Day22.csproj", "{A88FC573-EDA6-4294-86F9-5AE6C0ACFD75}"
EndProject
Global
	GlobalSection(SolutionConfigurationPlatforms) = preSolution
		Debug|Any CPU = Debug|Any CPU
		Release|Any CPU = Release|Any CPU
	EndGlobalSection
	GlobalSection(ProjectConfigurationPlatforms) = postSolution
		{A88FC573-EDA6-4294-86F9-5AE6C0ACFD75}.Debug|Any CPU.ActiveCfg = Debug|Any CPU
		{A88FC573-EDA6-4294-86F9-5AE6C0ACFD75}.Debug|Any CPU.Build.0 = Debug|Any CPU
		{A88FC573-EDA6-4294-86F9-5AE6C0ACFD75}.Release|Any CPU.ActiveCfg = Release|Any CPU
		{A88FC573-EDA6-4294-86F9-5AE6C0ACFD75}.Release|Any CPU.Build.0 = Release|Any CPU
	EndGlobalSection
	GlobalSection(SolutionProperties) = preSolution
		HideSolutionNode = FALSE
	EndGlobalSection
	GlobalSection(ExtensibilityGlobals) = postSolution
		SolutionGuid = {B77EBD76-784E-4596-A5D8-FF30D43F1F1C}
	EndGlobalSection
EndGlobal
