
Microsoft Visual Studio Solution File, Format Version 12.00
# Visual Studio 15
VisualStudioVersion = 15.0.27130.2020
MinimumVisualStudioVersion = 10.0.40219.1
Project("{FAE04EC0-301F-11D3-BF4B-00C04F79EFBC}") = "Day25", "Day25\Day25.csproj", "{9239053D-93FC-46F3-826C-56D978CEBEBB}"
EndProject
Global
	GlobalSection(SolutionConfigurationPlatforms) = preSolution
		Debug|Any CPU = Debug|Any CPU
		Release|Any CPU = Release|Any CPU
	EndGlobalSection
	GlobalSection(ProjectConfigurationPlatforms) = postSolution
		{9239053D-93FC-46F3-826C-56D978CEBEBB}.Debug|Any CPU.ActiveCfg = Debug|Any CPU
		{9239053D-93FC-46F3-826C-56D978CEBEBB}.Debug|Any CPU.Build.0 = Debug|Any CPU
		{9239053D-93FC-46F3-826C-56D978CEBEBB}.Release|Any CPU.ActiveCfg = Release|Any CPU
		{9239053D-93FC-46F3-826C-56D978CEBEBB}.Release|Any CPU.Build.0 = Release|Any CPU
	EndGlobalSection
	GlobalSection(SolutionProperties) = preSolution
		HideSolutionNode = FALSE
	EndGlobalSection
	GlobalSection(ExtensibilityGlobals) = postSolution
		SolutionGuid = {20F32EC1-CFDB-4993-BA02-B5C3FFD4D701}
	EndGlobalSection
EndGlobal
