
Microsoft Visual Studio Solution File, Format Version 12.00
# Visual Studio 15
VisualStudioVersion = 15.0.27130.2020
MinimumVisualStudioVersion = 10.0.40219.1
Project("{FAE04EC0-301F-11D3-BF4B-00C04F79EFBC}") = "Day23", "Day23\Day23.csproj", "{928A7CCF-26AE-44C2-AEB8-8E91168A78FC}"
EndProject
Global
	GlobalSection(SolutionConfigurationPlatforms) = preSolution
		Debug|Any CPU = Debug|Any CPU
		Release|Any CPU = Release|Any CPU
	EndGlobalSection
	GlobalSection(ProjectConfigurationPlatforms) = postSolution
		{928A7CCF-26AE-44C2-AEB8-8E91168A78FC}.Debug|Any CPU.ActiveCfg = Debug|Any CPU
		{928A7CCF-26AE-44C2-AEB8-8E91168A78FC}.Debug|Any CPU.Build.0 = Debug|Any CPU
		{928A7CCF-26AE-44C2-AEB8-8E91168A78FC}.Release|Any CPU.ActiveCfg = Release|Any CPU
		{928A7CCF-26AE-44C2-AEB8-8E91168A78FC}.Release|Any CPU.Build.0 = Release|Any CPU
	EndGlobalSection
	GlobalSection(SolutionProperties) = preSolution
		HideSolutionNode = FALSE
	EndGlobalSection
	GlobalSection(ExtensibilityGlobals) = postSolution
		SolutionGuid = {405B7FF1-D405-4C56-8C4C-F4AD243A6A25}
	EndGlobalSection
EndGlobal
