
Microsoft Visual Studio Solution File, Format Version 12.00
# Visual Studio 15
VisualStudioVersion = 15.0.27130.2020
MinimumVisualStudioVersion = 10.0.40219.1
Project("{FAE04EC0-301F-11D3-BF4B-00C04F79EFBC}") = "Staircase", "Staircase.csproj", "{1D75EC33-8423-4948-91D1-63EBDE74289D}"
EndProject
Global
	GlobalSection(SolutionConfigurationPlatforms) = preSolution
		Debug|Any CPU = Debug|Any CPU
		Release|Any CPU = Release|Any CPU
	EndGlobalSection
	GlobalSection(ProjectConfigurationPlatforms) = postSolution
		{1D75EC33-8423-4948-91D1-63EBDE74289D}.Debug|Any CPU.ActiveCfg = Debug|Any CPU
		{1D75EC33-8423-4948-91D1-63EBDE74289D}.Debug|Any CPU.Build.0 = Debug|Any CPU
		{1D75EC33-8423-4948-91D1-63EBDE74289D}.Release|Any CPU.ActiveCfg = Release|Any CPU
		{1D75EC33-8423-4948-91D1-63EBDE74289D}.Release|Any CPU.Build.0 = Release|Any CPU
	EndGlobalSection
	GlobalSection(SolutionProperties) = preSolution
		HideSolutionNode = FALSE
	EndGlobalSection
	GlobalSection(ExtensibilityGlobals) = postSolution
		SolutionGuid = {DBAFD018-C1F4-46E1-B954-8DC9BB464C9F}
	EndGlobalSection
EndGlobal
